
Microsoft Visual Studio Solution File, Format Version 11.00
# Visual Studio 2010
Project("{8BC9CEB8-8B4A-11D0-8D11-00A0C91BC942}") = "HapGame", "cRPG.vcxproj", "{D5E88CFD-53A1-4136-9D8C-2958A7F05334}"
EndProject
Project("{FAE04EC0-301F-11D3-BF4B-00C04F79EFBC}") = "ModEditor", "ModEditor\ModEditor.csproj", "{C125DA37-9A3C-4187-AC76-0D47476414E6}"
EndProject
Project("{FAE04EC0-301F-11D3-BF4B-00C04F79EFBC}") = "CodeTextBox", "ModEditor\CodeTextBox\CodeTextBox.csproj", "{2C9E628D-0909-428B-967F-84CFF0967B64}"
EndProject
Project("{8BC9CEB8-8B4A-11D0-8D11-00A0C91BC942}") = "Luabind", "Luabind\Luabind.vcxproj", "{54D35835-5E7F-4492-AEDD-A95D86AD258C}"
EndProject
Project("{8BC9CEB8-8B4A-11D0-8D11-00A0C91BC942}") = "EngineWrapper", "ModEditor\EngineWrapper\NetDCCore.Client.D3DEngine.vcxproj", "{CECD5574-13F9-4BE2-9ECD-9C8D4826A597}"
EndProject
Project("{FAE04EC0-301F-11D3-BF4B-00C04F79EFBC}") = "WPFRenderer", "ModEditor\WpfApplication1\WPFRenderer.csproj", "{07B336F0-4594-4225-9624-118931AB5DE1}"
EndProject
Global
	GlobalSection(SolutionConfigurationPlatforms) = preSolution
		Debug DX10+|Any CPU = Debug DX10+|Any CPU
		Debug DX10+|Mixed Platforms = Debug DX10+|Mixed Platforms
		Debug DX10+|Win32 = Debug DX10+|Win32
		Debug DX10+|x64 = Debug DX10+|x64
		Debug DX10+|x86 = Debug DX10+|x86
		Debug|Any CPU = Debug|Any CPU
		Debug|Mixed Platforms = Debug|Mixed Platforms
		Debug|Win32 = Debug|Win32
		Debug|x64 = Debug|x64
		Debug|x86 = Debug|x86
		Release|Any CPU = Release|Any CPU
		Release|Mixed Platforms = Release|Mixed Platforms
		Release|Win32 = Release|Win32
		Release|x64 = Release|x64
		Release|x86 = Release|x86
	EndGlobalSection
	GlobalSection(ProjectConfigurationPlatforms) = postSolution
		{D5E88CFD-53A1-4136-9D8C-2958A7F05334}.Debug DX10+|Any CPU.ActiveCfg = Debug DX10+|x64
		{D5E88CFD-53A1-4136-9D8C-2958A7F05334}.Debug DX10+|Mixed Platforms.ActiveCfg = Debug DX10+|x64
		{D5E88CFD-53A1-4136-9D8C-2958A7F05334}.Debug DX10+|Mixed Platforms.Build.0 = Debug DX10+|x64
		{D5E88CFD-53A1-4136-9D8C-2958A7F05334}.Debug DX10+|Win32.ActiveCfg = Debug DX10+|Win32
		{D5E88CFD-53A1-4136-9D8C-2958A7F05334}.Debug DX10+|Win32.Build.0 = Debug DX10+|Win32
		{D5E88CFD-53A1-4136-9D8C-2958A7F05334}.Debug DX10+|x64.ActiveCfg = Debug DX10+|x64
		{D5E88CFD-53A1-4136-9D8C-2958A7F05334}.Debug DX10+|x64.Build.0 = Debug DX10+|x64
		{D5E88CFD-53A1-4136-9D8C-2958A7F05334}.Debug DX10+|x86.ActiveCfg = Debug DX10+|x64
		{D5E88CFD-53A1-4136-9D8C-2958A7F05334}.Debug|Any CPU.ActiveCfg = Debug|x64
		{D5E88CFD-53A1-4136-9D8C-2958A7F05334}.Debug|Mixed Platforms.ActiveCfg = Debug|x64
		{D5E88CFD-53A1-4136-9D8C-2958A7F05334}.Debug|Mixed Platforms.Build.0 = Debug|x64
		{D5E88CFD-53A1-4136-9D8C-2958A7F05334}.Debug|Win32.ActiveCfg = Debug|Win32
		{D5E88CFD-53A1-4136-9D8C-2958A7F05334}.Debug|Win32.Build.0 = Debug|Win32
		{D5E88CFD-53A1-4136-9D8C-2958A7F05334}.Debug|x64.ActiveCfg = Debug|x64
		{D5E88CFD-53A1-4136-9D8C-2958A7F05334}.Debug|x64.Build.0 = Debug|x64
		{D5E88CFD-53A1-4136-9D8C-2958A7F05334}.Debug|x86.ActiveCfg = Debug|x64
		{D5E88CFD-53A1-4136-9D8C-2958A7F05334}.Release|Any CPU.ActiveCfg = Release|x64
		{D5E88CFD-53A1-4136-9D8C-2958A7F05334}.Release|Mixed Platforms.ActiveCfg = Release|x64
		{D5E88CFD-53A1-4136-9D8C-2958A7F05334}.Release|Mixed Platforms.Build.0 = Release|x64
		{D5E88CFD-53A1-4136-9D8C-2958A7F05334}.Release|Win32.ActiveCfg = Release|Win32
		{D5E88CFD-53A1-4136-9D8C-2958A7F05334}.Release|Win32.Build.0 = Release|Win32
		{D5E88CFD-53A1-4136-9D8C-2958A7F05334}.Release|x64.ActiveCfg = Release|x64
		{D5E88CFD-53A1-4136-9D8C-2958A7F05334}.Release|x64.Build.0 = Release|x64
		{D5E88CFD-53A1-4136-9D8C-2958A7F05334}.Release|x86.ActiveCfg = Release|x64
		{C125DA37-9A3C-4187-AC76-0D47476414E6}.Debug DX10+|Any CPU.ActiveCfg = Debug|x86
		{C125DA37-9A3C-4187-AC76-0D47476414E6}.Debug DX10+|Mixed Platforms.ActiveCfg = Debug|x86
		{C125DA37-9A3C-4187-AC76-0D47476414E6}.Debug DX10+|Mixed Platforms.Build.0 = Debug|x86
		{C125DA37-9A3C-4187-AC76-0D47476414E6}.Debug DX10+|Win32.ActiveCfg = Debug|x86
		{C125DA37-9A3C-4187-AC76-0D47476414E6}.Debug DX10+|x64.ActiveCfg = Debug|x86
		{C125DA37-9A3C-4187-AC76-0D47476414E6}.Debug DX10+|x86.ActiveCfg = Debug|x86
		{C125DA37-9A3C-4187-AC76-0D47476414E6}.Debug DX10+|x86.Build.0 = Debug|x86
		{C125DA37-9A3C-4187-AC76-0D47476414E6}.Debug|Any CPU.ActiveCfg = Debug|x86
		{C125DA37-9A3C-4187-AC76-0D47476414E6}.Debug|Mixed Platforms.ActiveCfg = Debug|x86
		{C125DA37-9A3C-4187-AC76-0D47476414E6}.Debug|Mixed Platforms.Build.0 = Debug|x86
		{C125DA37-9A3C-4187-AC76-0D47476414E6}.Debug|Win32.ActiveCfg = Debug|x86
		{C125DA37-9A3C-4187-AC76-0D47476414E6}.Debug|Win32.Build.0 = Debug|x86
		{C125DA37-9A3C-4187-AC76-0D47476414E6}.Debug|x64.ActiveCfg = Debug|x86
		{C125DA37-9A3C-4187-AC76-0D47476414E6}.Debug|x86.ActiveCfg = Debug|x86
		{C125DA37-9A3C-4187-AC76-0D47476414E6}.Debug|x86.Build.0 = Debug|x86
		{C125DA37-9A3C-4187-AC76-0D47476414E6}.Release|Any CPU.ActiveCfg = Release|x86
		{C125DA37-9A3C-4187-AC76-0D47476414E6}.Release|Mixed Platforms.ActiveCfg = Release|x86
		{C125DA37-9A3C-4187-AC76-0D47476414E6}.Release|Mixed Platforms.Build.0 = Release|x86
		{C125DA37-9A3C-4187-AC76-0D47476414E6}.Release|Win32.ActiveCfg = Release|x86
		{C125DA37-9A3C-4187-AC76-0D47476414E6}.Release|x64.ActiveCfg = Release|x86
		{C125DA37-9A3C-4187-AC76-0D47476414E6}.Release|x86.ActiveCfg = Release|x86
		{C125DA37-9A3C-4187-AC76-0D47476414E6}.Release|x86.Build.0 = Release|x86
		{2C9E628D-0909-428B-967F-84CFF0967B64}.Debug DX10+|Any CPU.ActiveCfg = Debug|Any CPU
		{2C9E628D-0909-428B-967F-84CFF0967B64}.Debug DX10+|Any CPU.Build.0 = Debug|Any CPU
		{2C9E628D-0909-428B-967F-84CFF0967B64}.Debug DX10+|Mixed Platforms.ActiveCfg = Debug|Any CPU
		{2C9E628D-0909-428B-967F-84CFF0967B64}.Debug DX10+|Mixed Platforms.Build.0 = Debug|Any CPU
		{2C9E628D-0909-428B-967F-84CFF0967B64}.Debug DX10+|Win32.ActiveCfg = Debug|Any CPU
		{2C9E628D-0909-428B-967F-84CFF0967B64}.Debug DX10+|x64.ActiveCfg = Debug|Any CPU
		{2C9E628D-0909-428B-967F-84CFF0967B64}.Debug DX10+|x86.ActiveCfg = Debug|Any CPU
		{2C9E628D-0909-428B-967F-84CFF0967B64}.Debug|Any CPU.ActiveCfg = Debug|Any CPU
		{2C9E628D-0909-428B-967F-84CFF0967B64}.Debug|Any CPU.Build.0 = Debug|Any CPU
		{2C9E628D-0909-428B-967F-84CFF0967B64}.Debug|Mixed Platforms.ActiveCfg = Debug|Any CPU
		{2C9E628D-0909-428B-967F-84CFF0967B64}.Debug|Mixed Platforms.Build.0 = Debug|Any CPU
		{2C9E628D-0909-428B-967F-84CFF0967B64}.Debug|Win32.ActiveCfg = Debug|Any CPU
		{2C9E628D-0909-428B-967F-84CFF0967B64}.Debug|x64.ActiveCfg = Debug|Any CPU
		{2C9E628D-0909-428B-967F-84CFF0967B64}.Debug|x86.ActiveCfg = Debug|Any CPU
		{2C9E628D-0909-428B-967F-84CFF0967B64}.Release|Any CPU.ActiveCfg = Release|Any CPU
		{2C9E628D-0909-428B-967F-84CFF0967B64}.Release|Any CPU.Build.0 = Release|Any CPU
		{2C9E628D-0909-428B-967F-84CFF0967B64}.Release|Mixed Platforms.ActiveCfg = Release|Any CPU
		{2C9E628D-0909-428B-967F-84CFF0967B64}.Release|Mixed Platforms.Build.0 = Release|Any CPU
		{2C9E628D-0909-428B-967F-84CFF0967B64}.Release|Win32.ActiveCfg = Release|Any CPU
		{2C9E628D-0909-428B-967F-84CFF0967B64}.Release|x64.ActiveCfg = Release|Any CPU
		{2C9E628D-0909-428B-967F-84CFF0967B64}.Release|x86.ActiveCfg = Release|Any CPU
		{54D35835-5E7F-4492-AEDD-A95D86AD258C}.Debug DX10+|Any CPU.ActiveCfg = Debug|Win32
		{54D35835-5E7F-4492-AEDD-A95D86AD258C}.Debug DX10+|Mixed Platforms.ActiveCfg = Debug|Win32
		{54D35835-5E7F-4492-AEDD-A95D86AD258C}.Debug DX10+|Mixed Platforms.Build.0 = Debug|Win32
		{54D35835-5E7F-4492-AEDD-A95D86AD258C}.Debug DX10+|Win32.ActiveCfg = Debug|Win32
		{54D35835-5E7F-4492-AEDD-A95D86AD258C}.Debug DX10+|Win32.Build.0 = Debug|Win32
		{54D35835-5E7F-4492-AEDD-A95D86AD258C}.Debug DX10+|x64.ActiveCfg = Debug|Win32
		{54D35835-5E7F-4492-AEDD-A95D86AD258C}.Debug DX10+|x86.ActiveCfg = Debug|Win32
		{54D35835-5E7F-4492-AEDD-A95D86AD258C}.Debug|Any CPU.ActiveCfg = Debug|Win32
		{54D35835-5E7F-4492-AEDD-A95D86AD258C}.Debug|Mixed Platforms.ActiveCfg = Debug|Win32
		{54D35835-5E7F-4492-AEDD-A95D86AD258C}.Debug|Mixed Platforms.Build.0 = Debug|Win32
		{54D35835-5E7F-4492-AEDD-A95D86AD258C}.Debug|Win32.ActiveCfg = Debug|Win32
		{54D35835-5E7F-4492-AEDD-A95D86AD258C}.Debug|Win32.Build.0 = Debug|Win32
		{54D35835-5E7F-4492-AEDD-A95D86AD258C}.Debug|x64.ActiveCfg = Debug|Win32
		{54D35835-5E7F-4492-AEDD-A95D86AD258C}.Debug|x86.ActiveCfg = Debug|Win32
		{54D35835-5E7F-4492-AEDD-A95D86AD258C}.Release|Any CPU.ActiveCfg = Release|Win32
		{54D35835-5E7F-4492-AEDD-A95D86AD258C}.Release|Mixed Platforms.ActiveCfg = Release|Win32
		{54D35835-5E7F-4492-AEDD-A95D86AD258C}.Release|Mixed Platforms.Build.0 = Release|Win32
		{54D35835-5E7F-4492-AEDD-A95D86AD258C}.Release|Win32.ActiveCfg = Release|Win32
		{54D35835-5E7F-4492-AEDD-A95D86AD258C}.Release|Win32.Build.0 = Release|Win32
		{54D35835-5E7F-4492-AEDD-A95D86AD258C}.Release|x64.ActiveCfg = Release|Win32
		{54D35835-5E7F-4492-AEDD-A95D86AD258C}.Release|x86.ActiveCfg = Release|Win32
		{CECD5574-13F9-4BE2-9ECD-9C8D4826A597}.Debug DX10+|Any CPU.ActiveCfg = Debug|Win32
		{CECD5574-13F9-4BE2-9ECD-9C8D4826A597}.Debug DX10+|Mixed Platforms.ActiveCfg = Debug|Win32
		{CECD5574-13F9-4BE2-9ECD-9C8D4826A597}.Debug DX10+|Mixed Platforms.Build.0 = Debug|Win32
		{CECD5574-13F9-4BE2-9ECD-9C8D4826A597}.Debug DX10+|Win32.ActiveCfg = Debug|Win32
		{CECD5574-13F9-4BE2-9ECD-9C8D4826A597}.Debug DX10+|Win32.Build.0 = Debug|Win32
		{CECD5574-13F9-4BE2-9ECD-9C8D4826A597}.Debug DX10+|x64.ActiveCfg = Debug|Win32
		{CECD5574-13F9-4BE2-9ECD-9C8D4826A597}.Debug DX10+|x86.ActiveCfg = Debug|Win32
		{CECD5574-13F9-4BE2-9ECD-9C8D4826A597}.Debug|Any CPU.ActiveCfg = Debug|Win32
		{CECD5574-13F9-4BE2-9ECD-9C8D4826A597}.Debug|Mixed Platforms.ActiveCfg = Debug|Win32
		{CECD5574-13F9-4BE2-9ECD-9C8D4826A597}.Debug|Mixed Platforms.Build.0 = Debug|Win32
		{CECD5574-13F9-4BE2-9ECD-9C8D4826A597}.Debug|Win32.ActiveCfg = Debug|Win32
		{CECD5574-13F9-4BE2-9ECD-9C8D4826A597}.Debug|Win32.Build.0 = Debug|Win32
		{CECD5574-13F9-4BE2-9ECD-9C8D4826A597}.Debug|x64.ActiveCfg = Debug|Win32
		{CECD5574-13F9-4BE2-9ECD-9C8D4826A597}.Debug|x86.ActiveCfg = Debug|Win32
		{CECD5574-13F9-4BE2-9ECD-9C8D4826A597}.Release|Any CPU.ActiveCfg = Release|Win32
		{CECD5574-13F9-4BE2-9ECD-9C8D4826A597}.Release|Mixed Platforms.ActiveCfg = Release|Win32
		{CECD5574-13F9-4BE2-9ECD-9C8D4826A597}.Release|Mixed Platforms.Build.0 = Release|Win32
		{CECD5574-13F9-4BE2-9ECD-9C8D4826A597}.Release|Win32.ActiveCfg = Release|Win32
		{CECD5574-13F9-4BE2-9ECD-9C8D4826A597}.Release|Win32.Build.0 = Release|Win32
		{CECD5574-13F9-4BE2-9ECD-9C8D4826A597}.Release|x64.ActiveCfg = Release|Win32
		{CECD5574-13F9-4BE2-9ECD-9C8D4826A597}.Release|x86.ActiveCfg = Release|Win32
		{07B336F0-4594-4225-9624-118931AB5DE1}.Debug DX10+|Any CPU.ActiveCfg = Debug|x86
		{07B336F0-4594-4225-9624-118931AB5DE1}.Debug DX10+|Mixed Platforms.ActiveCfg = Debug|x86
		{07B336F0-4594-4225-9624-118931AB5DE1}.Debug DX10+|Mixed Platforms.Build.0 = Debug|x86
		{07B336F0-4594-4225-9624-118931AB5DE1}.Debug DX10+|Win32.ActiveCfg = Debug|x86
		{07B336F0-4594-4225-9624-118931AB5DE1}.Debug DX10+|x64.ActiveCfg = Debug|x86
		{07B336F0-4594-4225-9624-118931AB5DE1}.Debug DX10+|x86.ActiveCfg = Debug|x86
		{07B336F0-4594-4225-9624-118931AB5DE1}.Debug DX10+|x86.Build.0 = Debug|x86
		{07B336F0-4594-4225-9624-118931AB5DE1}.Debug|Any CPU.ActiveCfg = Debug|x86
		{07B336F0-4594-4225-9624-118931AB5DE1}.Debug|Mixed Platforms.ActiveCfg = Debug|x86
		{07B336F0-4594-4225-9624-118931AB5DE1}.Debug|Mixed Platforms.Build.0 = Debug|x86
		{07B336F0-4594-4225-9624-118931AB5DE1}.Debug|Win32.ActiveCfg = Debug|x86
		{07B336F0-4594-4225-9624-118931AB5DE1}.Debug|x64.ActiveCfg = Debug|x86
		{07B336F0-4594-4225-9624-118931AB5DE1}.Debug|x86.ActiveCfg = Debug|x86
		{07B336F0-4594-4225-9624-118931AB5DE1}.Debug|x86.Build.0 = Debug|x86
		{07B336F0-4594-4225-9624-118931AB5DE1}.Release|Any CPU.ActiveCfg = Release|x86
		{07B336F0-4594-4225-9624-118931AB5DE1}.Release|Mixed Platforms.ActiveCfg = Release|x86
		{07B336F0-4594-4225-9624-118931AB5DE1}.Release|Mixed Platforms.Build.0 = Release|x86
		{07B336F0-4594-4225-9624-118931AB5DE1}.Release|Win32.ActiveCfg = Release|x86
		{07B336F0-4594-4225-9624-118931AB5DE1}.Release|x64.ActiveCfg = Release|x86
		{07B336F0-4594-4225-9624-118931AB5DE1}.Release|x86.ActiveCfg = Release|x86
		{07B336F0-4594-4225-9624-118931AB5DE1}.Release|x86.Build.0 = Release|x86
	EndGlobalSection
	GlobalSection(SolutionProperties) = preSolution
		HideSolutionNode = FALSE
	EndGlobalSection
EndGlobal
